
Microsoft Visual Studio Solution File, Format Version 12.00
# Visual Studio Version 16
VisualStudioVersion = 16.0.28803.156
MinimumVisualStudioVersion = 10.0.40219.1
Project("{FAE04EC0-301F-11D3-BF4B-00C04F79EFBC}") = "ServerBase", "ServerBase\ServerBase.csproj", "{C62BC39F-6932-45F2-A626-4FAF7F836E6F}"
EndProject
Global
	GlobalSection(SolutionConfigurationPlatforms) = preSolution
		Debug|Any CPU = Debug|Any CPU
		Release|Any CPU = Release|Any CPU
	EndGlobalSection
	GlobalSection(ProjectConfigurationPlatforms) = postSolution
		{C62BC39F-6932-45F2-A626-4FAF7F836E6F}.Debug|Any CPU.ActiveCfg = Debug|Any CPU
		{C62BC39F-6932-45F2-A626-4FAF7F836E6F}.Debug|Any CPU.Build.0 = Debug|Any CPU
		{C62BC39F-6932-45F2-A626-4FAF7F836E6F}.Release|Any CPU.ActiveCfg = Release|Any CPU
		{C62BC39F-6932-45F2-A626-4FAF7F836E6F}.Release|Any CPU.Build.0 = Release|Any CPU
	EndGlobalSection
	GlobalSection(SolutionProperties) = preSolution
		HideSolutionNode = FALSE
	EndGlobalSection
	GlobalSection(ExtensibilityGlobals) = postSolution
		SolutionGuid = {08FC3851-454A-42ED-9471-52790202813C}
	EndGlobalSection
EndGlobal
