
Microsoft Visual Studio Solution File, Format Version 12.00
# Visual Studio Version 16
VisualStudioVersion = 16.0.28803.156
MinimumVisualStudioVersion = 10.0.40219.1
Project("{2150E333-8FDC-42A3-9474-1A3956D46DE8}") = "ThridLibs", "ThridLibs", "{06EC4518-5D86-4567-8069-DBFA34D67963}"
EndProject
Project("{2150E333-8FDC-42A3-9474-1A3956D46DE8}") = "Tools", "Tools", "{5CE1B740-46A8-4F15-89E5-C91747197F76}"
EndProject
Project("{2150E333-8FDC-42A3-9474-1A3956D46DE8}") = "Libs", "Libs", "{7E4FA61D-E5DA-4373-8241-C08FD919E569}"
EndProject
Project("{2150E333-8FDC-42A3-9474-1A3956D46DE8}") = "Server", "Server", "{31D259FF-49C2-45AE-B6E2-A1C789144175}"
EndProject
Project("{FAE04EC0-301F-11D3-BF4B-00C04F79EFBC}") = "CommonLib", "Libs\CommonLib\CommonLib.csproj", "{0F3ECC0F-E8F4-434E-AAF9-95A912F2F565}"
EndProject
Project("{FAE04EC0-301F-11D3-BF4B-00C04F79EFBC}") = "ParallelExtensionsExtras", "ThirdLibs\ParallelExtensionsExtras\ParallelExtensionsExtras.csproj", "{C45218F8-09E7-4F57-85BC-5D8D2AC736A3}"
EndProject
Project("{FAE04EC0-301F-11D3-BF4B-00C04F79EFBC}") = "ServerBase", "Server\ServerBase\ServerBase.csproj", "{C62BC39F-6932-45F2-A626-4FAF7F836E6F}"
EndProject
Project("{FAE04EC0-301F-11D3-BF4B-00C04F79EFBC}") = "Utils", "ThirdLibs\Utils\Utils.csproj", "{484C2786-1F72-47AC-892A-1FAF8F85EFF5}"
EndProject
Project("{2150E333-8FDC-42A3-9474-1A3956D46DE8}") = "Client", "Client", "{1298B84D-B05A-4CF4-9116-50CDE7F34437}"
EndProject
Project("{FAE04EC0-301F-11D3-BF4B-00C04F79EFBC}") = "ClientBase", "Client\ClientBase\ClientBase.csproj", "{74BABE28-9DFB-495A-ABAF-1BCD9285AE63}"
EndProject
Project("{9A19103F-16F7-4668-BE54-9A1E7A4F7556}") = "ProtobufComplier", "Tools\ProtobufComplier\ProtobufComplier.csproj", "{714D7EFD-F2B2-467A-8965-B53CEDBFC771}"
EndProject
Project("{FAE04EC0-301F-11D3-BF4B-00C04F79EFBC}") = "ProtobufAutoComplier", "Tools\ProtobufAutoComplier\ProtobufAutoComplier.csproj", "{E999129C-9C38-4396-8415-6DF1F1E6E853}"
EndProject
Project("{FAE04EC0-301F-11D3-BF4B-00C04F79EFBC}") = "SampleGameServer", "Server\SampleGameServer\SampleGameServer.csproj", "{5A12CD80-491B-4EC5-BDB6-BBC2442BA71C}"
EndProject
Project("{FAE04EC0-301F-11D3-BF4B-00C04F79EFBC}") = "CrazyEngine", "CrazyEngine\CrazyEngine.csproj", "{74C6EF13-2869-4869-932F-698AA795DF34}"
EndProject
Global
	GlobalSection(SolutionConfigurationPlatforms) = preSolution
		ClientAssertExport|Any CPU = ClientAssertExport|Any CPU
		ClientAssertExport|x64 = ClientAssertExport|x64
		Debug|Any CPU = Debug|Any CPU
		Debug|x64 = Debug|x64
		Release|Any CPU = Release|Any CPU
		Release|x64 = Release|x64
	EndGlobalSection
	GlobalSection(ProjectConfigurationPlatforms) = postSolution
		{0F3ECC0F-E8F4-434E-AAF9-95A912F2F565}.ClientAssertExport|Any CPU.ActiveCfg = Release|Any CPU
		{0F3ECC0F-E8F4-434E-AAF9-95A912F2F565}.ClientAssertExport|Any CPU.Build.0 = Release|Any CPU
		{0F3ECC0F-E8F4-434E-AAF9-95A912F2F565}.ClientAssertExport|x64.ActiveCfg = Release|Any CPU
		{0F3ECC0F-E8F4-434E-AAF9-95A912F2F565}.ClientAssertExport|x64.Build.0 = Release|Any CPU
		{0F3ECC0F-E8F4-434E-AAF9-95A912F2F565}.Debug|Any CPU.ActiveCfg = Debug|Any CPU
		{0F3ECC0F-E8F4-434E-AAF9-95A912F2F565}.Debug|Any CPU.Build.0 = Debug|Any CPU
		{0F3ECC0F-E8F4-434E-AAF9-95A912F2F565}.Debug|x64.ActiveCfg = Debug|Any CPU
		{0F3ECC0F-E8F4-434E-AAF9-95A912F2F565}.Debug|x64.Build.0 = Debug|Any CPU
		{0F3ECC0F-E8F4-434E-AAF9-95A912F2F565}.Release|Any CPU.ActiveCfg = Release|Any CPU
		{0F3ECC0F-E8F4-434E-AAF9-95A912F2F565}.Release|Any CPU.Build.0 = Release|Any CPU
		{0F3ECC0F-E8F4-434E-AAF9-95A912F2F565}.Release|x64.ActiveCfg = Release|Any CPU
		{0F3ECC0F-E8F4-434E-AAF9-95A912F2F565}.Release|x64.Build.0 = Release|Any CPU
		{C45218F8-09E7-4F57-85BC-5D8D2AC736A3}.ClientAssertExport|Any CPU.ActiveCfg = Release|Any CPU
		{C45218F8-09E7-4F57-85BC-5D8D2AC736A3}.ClientAssertExport|Any CPU.Build.0 = Release|Any CPU
		{C45218F8-09E7-4F57-85BC-5D8D2AC736A3}.ClientAssertExport|x64.ActiveCfg = Release|x64
		{C45218F8-09E7-4F57-85BC-5D8D2AC736A3}.ClientAssertExport|x64.Build.0 = Release|x64
		{C45218F8-09E7-4F57-85BC-5D8D2AC736A3}.Debug|Any CPU.ActiveCfg = Debug|Any CPU
		{C45218F8-09E7-4F57-85BC-5D8D2AC736A3}.Debug|Any CPU.Build.0 = Debug|Any CPU
		{C45218F8-09E7-4F57-85BC-5D8D2AC736A3}.Debug|x64.ActiveCfg = Debug|x64
		{C45218F8-09E7-4F57-85BC-5D8D2AC736A3}.Debug|x64.Build.0 = Debug|x64
		{C45218F8-09E7-4F57-85BC-5D8D2AC736A3}.Release|Any CPU.ActiveCfg = Release|Any CPU
		{C45218F8-09E7-4F57-85BC-5D8D2AC736A3}.Release|Any CPU.Build.0 = Release|Any CPU
		{C45218F8-09E7-4F57-85BC-5D8D2AC736A3}.Release|x64.ActiveCfg = Release|x64
		{C45218F8-09E7-4F57-85BC-5D8D2AC736A3}.Release|x64.Build.0 = Release|x64
		{C62BC39F-6932-45F2-A626-4FAF7F836E6F}.ClientAssertExport|Any CPU.ActiveCfg = Release|Any CPU
		{C62BC39F-6932-45F2-A626-4FAF7F836E6F}.ClientAssertExport|Any CPU.Build.0 = Release|Any CPU
		{C62BC39F-6932-45F2-A626-4FAF7F836E6F}.ClientAssertExport|x64.ActiveCfg = Release|Any CPU
		{C62BC39F-6932-45F2-A626-4FAF7F836E6F}.ClientAssertExport|x64.Build.0 = Release|Any CPU
		{C62BC39F-6932-45F2-A626-4FAF7F836E6F}.Debug|Any CPU.ActiveCfg = Debug|Any CPU
		{C62BC39F-6932-45F2-A626-4FAF7F836E6F}.Debug|Any CPU.Build.0 = Debug|Any CPU
		{C62BC39F-6932-45F2-A626-4FAF7F836E6F}.Debug|x64.ActiveCfg = Debug|Any CPU
		{C62BC39F-6932-45F2-A626-4FAF7F836E6F}.Debug|x64.Build.0 = Debug|Any CPU
		{C62BC39F-6932-45F2-A626-4FAF7F836E6F}.Release|Any CPU.ActiveCfg = Release|Any CPU
		{C62BC39F-6932-45F2-A626-4FAF7F836E6F}.Release|Any CPU.Build.0 = Release|Any CPU
		{C62BC39F-6932-45F2-A626-4FAF7F836E6F}.Release|x64.ActiveCfg = Release|Any CPU
		{C62BC39F-6932-45F2-A626-4FAF7F836E6F}.Release|x64.Build.0 = Release|Any CPU
		{484C2786-1F72-47AC-892A-1FAF8F85EFF5}.ClientAssertExport|Any CPU.ActiveCfg = ClientAssertExport|Any CPU
		{484C2786-1F72-47AC-892A-1FAF8F85EFF5}.ClientAssertExport|Any CPU.Build.0 = ClientAssertExport|Any CPU
		{484C2786-1F72-47AC-892A-1FAF8F85EFF5}.ClientAssertExport|x64.ActiveCfg = ClientAssertExport|x64
		{484C2786-1F72-47AC-892A-1FAF8F85EFF5}.ClientAssertExport|x64.Build.0 = ClientAssertExport|x64
		{484C2786-1F72-47AC-892A-1FAF8F85EFF5}.Debug|Any CPU.ActiveCfg = Debug|Any CPU
		{484C2786-1F72-47AC-892A-1FAF8F85EFF5}.Debug|Any CPU.Build.0 = Debug|Any CPU
		{484C2786-1F72-47AC-892A-1FAF8F85EFF5}.Debug|x64.ActiveCfg = Debug|x64
		{484C2786-1F72-47AC-892A-1FAF8F85EFF5}.Debug|x64.Build.0 = Debug|x64
		{484C2786-1F72-47AC-892A-1FAF8F85EFF5}.Release|Any CPU.ActiveCfg = Release|Any CPU
		{484C2786-1F72-47AC-892A-1FAF8F85EFF5}.Release|Any CPU.Build.0 = Release|Any CPU
		{484C2786-1F72-47AC-892A-1FAF8F85EFF5}.Release|x64.ActiveCfg = Release|x64
		{484C2786-1F72-47AC-892A-1FAF8F85EFF5}.Release|x64.Build.0 = Release|x64
		{74BABE28-9DFB-495A-ABAF-1BCD9285AE63}.ClientAssertExport|Any CPU.ActiveCfg = Release|Any CPU
		{74BABE28-9DFB-495A-ABAF-1BCD9285AE63}.ClientAssertExport|Any CPU.Build.0 = Release|Any CPU
		{74BABE28-9DFB-495A-ABAF-1BCD9285AE63}.ClientAssertExport|x64.ActiveCfg = Release|Any CPU
		{74BABE28-9DFB-495A-ABAF-1BCD9285AE63}.ClientAssertExport|x64.Build.0 = Release|Any CPU
		{74BABE28-9DFB-495A-ABAF-1BCD9285AE63}.Debug|Any CPU.ActiveCfg = Debug|Any CPU
		{74BABE28-9DFB-495A-ABAF-1BCD9285AE63}.Debug|Any CPU.Build.0 = Debug|Any CPU
		{74BABE28-9DFB-495A-ABAF-1BCD9285AE63}.Debug|x64.ActiveCfg = Debug|Any CPU
		{74BABE28-9DFB-495A-ABAF-1BCD9285AE63}.Debug|x64.Build.0 = Debug|Any CPU
		{74BABE28-9DFB-495A-ABAF-1BCD9285AE63}.Release|Any CPU.ActiveCfg = Release|Any CPU
		{74BABE28-9DFB-495A-ABAF-1BCD9285AE63}.Release|Any CPU.Build.0 = Release|Any CPU
		{74BABE28-9DFB-495A-ABAF-1BCD9285AE63}.Release|x64.ActiveCfg = Release|Any CPU
		{74BABE28-9DFB-495A-ABAF-1BCD9285AE63}.Release|x64.Build.0 = Release|Any CPU
		{714D7EFD-F2B2-467A-8965-B53CEDBFC771}.ClientAssertExport|Any CPU.ActiveCfg = Debug|Any CPU
		{714D7EFD-F2B2-467A-8965-B53CEDBFC771}.ClientAssertExport|Any CPU.Build.0 = Debug|Any CPU
		{714D7EFD-F2B2-467A-8965-B53CEDBFC771}.ClientAssertExport|x64.ActiveCfg = Debug|Any CPU
		{714D7EFD-F2B2-467A-8965-B53CEDBFC771}.ClientAssertExport|x64.Build.0 = Debug|Any CPU
		{714D7EFD-F2B2-467A-8965-B53CEDBFC771}.Debug|Any CPU.ActiveCfg = Debug|Any CPU
		{714D7EFD-F2B2-467A-8965-B53CEDBFC771}.Debug|Any CPU.Build.0 = Debug|Any CPU
		{714D7EFD-F2B2-467A-8965-B53CEDBFC771}.Debug|x64.ActiveCfg = Debug|Any CPU
		{714D7EFD-F2B2-467A-8965-B53CEDBFC771}.Debug|x64.Build.0 = Debug|Any CPU
		{714D7EFD-F2B2-467A-8965-B53CEDBFC771}.Release|Any CPU.ActiveCfg = Release|Any CPU
		{714D7EFD-F2B2-467A-8965-B53CEDBFC771}.Release|Any CPU.Build.0 = Release|Any CPU
		{714D7EFD-F2B2-467A-8965-B53CEDBFC771}.Release|x64.ActiveCfg = Release|Any CPU
		{714D7EFD-F2B2-467A-8965-B53CEDBFC771}.Release|x64.Build.0 = Release|Any CPU
		{E999129C-9C38-4396-8415-6DF1F1E6E853}.ClientAssertExport|Any CPU.ActiveCfg = Release|Any CPU
		{E999129C-9C38-4396-8415-6DF1F1E6E853}.ClientAssertExport|Any CPU.Build.0 = Release|Any CPU
		{E999129C-9C38-4396-8415-6DF1F1E6E853}.ClientAssertExport|x64.ActiveCfg = Release|Any CPU
		{E999129C-9C38-4396-8415-6DF1F1E6E853}.ClientAssertExport|x64.Build.0 = Release|Any CPU
		{E999129C-9C38-4396-8415-6DF1F1E6E853}.Debug|Any CPU.ActiveCfg = Debug|Any CPU
		{E999129C-9C38-4396-8415-6DF1F1E6E853}.Debug|Any CPU.Build.0 = Debug|Any CPU
		{E999129C-9C38-4396-8415-6DF1F1E6E853}.Debug|x64.ActiveCfg = Debug|Any CPU
		{E999129C-9C38-4396-8415-6DF1F1E6E853}.Debug|x64.Build.0 = Debug|Any CPU
		{E999129C-9C38-4396-8415-6DF1F1E6E853}.Release|Any CPU.ActiveCfg = Release|Any CPU
		{E999129C-9C38-4396-8415-6DF1F1E6E853}.Release|Any CPU.Build.0 = Release|Any CPU
		{E999129C-9C38-4396-8415-6DF1F1E6E853}.Release|x64.ActiveCfg = Release|Any CPU
		{E999129C-9C38-4396-8415-6DF1F1E6E853}.Release|x64.Build.0 = Release|Any CPU
		{5A12CD80-491B-4EC5-BDB6-BBC2442BA71C}.ClientAssertExport|Any CPU.ActiveCfg = Release|Any CPU
		{5A12CD80-491B-4EC5-BDB6-BBC2442BA71C}.ClientAssertExport|Any CPU.Build.0 = Release|Any CPU
		{5A12CD80-491B-4EC5-BDB6-BBC2442BA71C}.ClientAssertExport|x64.ActiveCfg = Release|Any CPU
		{5A12CD80-491B-4EC5-BDB6-BBC2442BA71C}.ClientAssertExport|x64.Build.0 = Release|Any CPU
		{5A12CD80-491B-4EC5-BDB6-BBC2442BA71C}.Debug|Any CPU.ActiveCfg = Debug|Any CPU
		{5A12CD80-491B-4EC5-BDB6-BBC2442BA71C}.Debug|Any CPU.Build.0 = Debug|Any CPU
		{5A12CD80-491B-4EC5-BDB6-BBC2442BA71C}.Debug|x64.ActiveCfg = Debug|Any CPU
		{5A12CD80-491B-4EC5-BDB6-BBC2442BA71C}.Debug|x64.Build.0 = Debug|Any CPU
		{5A12CD80-491B-4EC5-BDB6-BBC2442BA71C}.Release|Any CPU.ActiveCfg = Release|Any CPU
		{5A12CD80-491B-4EC5-BDB6-BBC2442BA71C}.Release|Any CPU.Build.0 = Release|Any CPU
		{5A12CD80-491B-4EC5-BDB6-BBC2442BA71C}.Release|x64.ActiveCfg = Release|Any CPU
		{5A12CD80-491B-4EC5-BDB6-BBC2442BA71C}.Release|x64.Build.0 = Release|Any CPU
		{74C6EF13-2869-4869-932F-698AA795DF34}.ClientAssertExport|Any CPU.ActiveCfg = Release|Any CPU
		{74C6EF13-2869-4869-932F-698AA795DF34}.ClientAssertExport|Any CPU.Build.0 = Release|Any CPU
		{74C6EF13-2869-4869-932F-698AA795DF34}.ClientAssertExport|x64.ActiveCfg = Release|Any CPU
		{74C6EF13-2869-4869-932F-698AA795DF34}.ClientAssertExport|x64.Build.0 = Release|Any CPU
		{74C6EF13-2869-4869-932F-698AA795DF34}.Debug|Any CPU.ActiveCfg = Debug|Any CPU
		{74C6EF13-2869-4869-932F-698AA795DF34}.Debug|Any CPU.Build.0 = Debug|Any CPU
		{74C6EF13-2869-4869-932F-698AA795DF34}.Debug|x64.ActiveCfg = Debug|Any CPU
		{74C6EF13-2869-4869-932F-698AA795DF34}.Debug|x64.Build.0 = Debug|Any CPU
		{74C6EF13-2869-4869-932F-698AA795DF34}.Release|Any CPU.ActiveCfg = Release|Any CPU
		{74C6EF13-2869-4869-932F-698AA795DF34}.Release|Any CPU.Build.0 = Release|Any CPU
		{74C6EF13-2869-4869-932F-698AA795DF34}.Release|x64.ActiveCfg = Release|Any CPU
		{74C6EF13-2869-4869-932F-698AA795DF34}.Release|x64.Build.0 = Release|Any CPU
	EndGlobalSection
	GlobalSection(SolutionProperties) = preSolution
		HideSolutionNode = FALSE
	EndGlobalSection
	GlobalSection(NestedProjects) = preSolution
		{0F3ECC0F-E8F4-434E-AAF9-95A912F2F565} = {7E4FA61D-E5DA-4373-8241-C08FD919E569}
		{C45218F8-09E7-4F57-85BC-5D8D2AC736A3} = {06EC4518-5D86-4567-8069-DBFA34D67963}
		{C62BC39F-6932-45F2-A626-4FAF7F836E6F} = {31D259FF-49C2-45AE-B6E2-A1C789144175}
		{484C2786-1F72-47AC-892A-1FAF8F85EFF5} = {06EC4518-5D86-4567-8069-DBFA34D67963}
		{74BABE28-9DFB-495A-ABAF-1BCD9285AE63} = {1298B84D-B05A-4CF4-9116-50CDE7F34437}
		{714D7EFD-F2B2-467A-8965-B53CEDBFC771} = {5CE1B740-46A8-4F15-89E5-C91747197F76}
		{E999129C-9C38-4396-8415-6DF1F1E6E853} = {5CE1B740-46A8-4F15-89E5-C91747197F76}
		{5A12CD80-491B-4EC5-BDB6-BBC2442BA71C} = {31D259FF-49C2-45AE-B6E2-A1C789144175}
		{74C6EF13-2869-4869-932F-698AA795DF34} = {7E4FA61D-E5DA-4373-8241-C08FD919E569}
	EndGlobalSection
	GlobalSection(ExtensibilityGlobals) = postSolution
		SolutionGuid = {08FC3851-454A-42ED-9471-52790202813C}
	EndGlobalSection
EndGlobal
